
Microsoft Visual Studio Solution File, Format Version 12.00
# Visual Studio Version 16
VisualStudioVersion = 16.0.28729.10
MinimumVisualStudioVersion = 10.0.40219.1
Project("{9A19103F-16F7-4668-BE54-9A1E7A4F7556}") = "Vyr.Hosting", "Vyr.Hosting\Vyr.Hosting.csproj", "{2D009F80-E64D-40C1-8944-2C7BA92E18AC}"
EndProject
Project("{9A19103F-16F7-4668-BE54-9A1E7A4F7556}") = "Vyr.Playground", "Vyr.Playground\Vyr.Playground.csproj", "{D659C299-D348-4729-91EF-BB86FADA02BE}"
EndProject
Project("{2150E333-8FDC-42A3-9474-1A3956D46DE8}") = "Playground", "Playground", "{E0CDBD51-6358-4829-8B98-8938500E2421}"
EndProject
Project("{2150E333-8FDC-42A3-9474-1A3956D46DE8}") = "Core", "Core", "{707FAE37-3F9F-4F79-9B92-16C68C3B01B7}"
EndProject
Project("{9A19103F-16F7-4668-BE54-9A1E7A4F7556}") = "Vyr", "Vyr\Vyr.csproj", "{BB6B5F39-98E2-4C05-83B2-F7D08683CED5}"
EndProject
Project("{9A19103F-16F7-4668-BE54-9A1E7A4F7556}") = "Vyr.Isolation", "Vyr.Isolation\Vyr.Isolation.csproj", "{6B081F2E-F911-4311-922F-749C9F888D36}"
EndProject
Project("{9A19103F-16F7-4668-BE54-9A1E7A4F7556}") = "Vyr.Skills", "Vyr.Skills\Vyr.Skills.csproj", "{BC15CCB6-713E-4E04-B14E-0E6ABD3EFD9F}"
EndProject
Project("{9A19103F-16F7-4668-BE54-9A1E7A4F7556}") = "Vyr.Agents", "Vyr.Agents\Vyr.Agents.csproj", "{280E25EA-409D-45B3-9E68-DFDCA0A16F7A}"
EndProject
Project("{9A19103F-16F7-4668-BE54-9A1E7A4F7556}") = "Vyr.Playground.Agents", "Vyr.Playground.Agents\Vyr.Playground.Agents.csproj", "{CFD67F8A-C37E-4F8E-B840-C9558A1A0F25}"
EndProject
Project("{9A19103F-16F7-4668-BE54-9A1E7A4F7556}") = "Vyr.Isolation.Context", "Vyr.Isolation.Context\Vyr.Isolation.Context.csproj", "{9253DA74-6AB9-4C1B-8E4B-47426C93065C}"
EndProject
Project("{FAE04EC0-301F-11D3-BF4B-00C04F79EFBC}") = "Vyr.Playground.Grpc", "Vyr.Playground.Grpc\Vyr.Playground.Grpc.csproj", "{A3A46BD6-1327-49D1-8A5F-C466AA977A79}"
EndProject
Project("{FAE04EC0-301F-11D3-BF4B-00C04F79EFBC}") = "Vyr.Playground.Grpc.Server", "Vyr.Playground.Grpc.Server\Vyr.Playground.Grpc.Server.csproj", "{BC8E5756-3128-481C-A01E-C6991309E6FB}"
EndProject
Project("{FAE04EC0-301F-11D3-BF4B-00C04F79EFBC}") = "Vyr.Playground.Grpc.Client", "Vyr.Playground.Grpc.Client\Vyr.Playground.Grpc.Client.csproj", "{F41C34B7-6369-4454-B27D-82D1C4CD5BC8}"
EndProject
Global
	GlobalSection(SolutionConfigurationPlatforms) = preSolution
		Debug|Any CPU = Debug|Any CPU
		Release|Any CPU = Release|Any CPU
	EndGlobalSection
	GlobalSection(ProjectConfigurationPlatforms) = postSolution
		{2D009F80-E64D-40C1-8944-2C7BA92E18AC}.Debug|Any CPU.ActiveCfg = Debug|Any CPU
		{2D009F80-E64D-40C1-8944-2C7BA92E18AC}.Debug|Any CPU.Build.0 = Debug|Any CPU
		{2D009F80-E64D-40C1-8944-2C7BA92E18AC}.Release|Any CPU.ActiveCfg = Release|Any CPU
		{2D009F80-E64D-40C1-8944-2C7BA92E18AC}.Release|Any CPU.Build.0 = Release|Any CPU
		{D659C299-D348-4729-91EF-BB86FADA02BE}.Debug|Any CPU.ActiveCfg = Debug|Any CPU
		{D659C299-D348-4729-91EF-BB86FADA02BE}.Debug|Any CPU.Build.0 = Debug|Any CPU
		{D659C299-D348-4729-91EF-BB86FADA02BE}.Release|Any CPU.ActiveCfg = Release|Any CPU
		{D659C299-D348-4729-91EF-BB86FADA02BE}.Release|Any CPU.Build.0 = Release|Any CPU
		{BB6B5F39-98E2-4C05-83B2-F7D08683CED5}.Debug|Any CPU.ActiveCfg = Debug|Any CPU
		{BB6B5F39-98E2-4C05-83B2-F7D08683CED5}.Debug|Any CPU.Build.0 = Debug|Any CPU
		{BB6B5F39-98E2-4C05-83B2-F7D08683CED5}.Release|Any CPU.ActiveCfg = Release|Any CPU
		{BB6B5F39-98E2-4C05-83B2-F7D08683CED5}.Release|Any CPU.Build.0 = Release|Any CPU
		{6B081F2E-F911-4311-922F-749C9F888D36}.Debug|Any CPU.ActiveCfg = Debug|Any CPU
		{6B081F2E-F911-4311-922F-749C9F888D36}.Debug|Any CPU.Build.0 = Debug|Any CPU
		{6B081F2E-F911-4311-922F-749C9F888D36}.Release|Any CPU.ActiveCfg = Release|Any CPU
		{6B081F2E-F911-4311-922F-749C9F888D36}.Release|Any CPU.Build.0 = Release|Any CPU
		{BC15CCB6-713E-4E04-B14E-0E6ABD3EFD9F}.Debug|Any CPU.ActiveCfg = Debug|Any CPU
		{BC15CCB6-713E-4E04-B14E-0E6ABD3EFD9F}.Debug|Any CPU.Build.0 = Debug|Any CPU
		{BC15CCB6-713E-4E04-B14E-0E6ABD3EFD9F}.Release|Any CPU.ActiveCfg = Release|Any CPU
		{BC15CCB6-713E-4E04-B14E-0E6ABD3EFD9F}.Release|Any CPU.Build.0 = Release|Any CPU
		{280E25EA-409D-45B3-9E68-DFDCA0A16F7A}.Debug|Any CPU.ActiveCfg = Debug|Any CPU
		{280E25EA-409D-45B3-9E68-DFDCA0A16F7A}.Debug|Any CPU.Build.0 = Debug|Any CPU
		{280E25EA-409D-45B3-9E68-DFDCA0A16F7A}.Release|Any CPU.ActiveCfg = Release|Any CPU
		{280E25EA-409D-45B3-9E68-DFDCA0A16F7A}.Release|Any CPU.Build.0 = Release|Any CPU
		{CFD67F8A-C37E-4F8E-B840-C9558A1A0F25}.Debug|Any CPU.ActiveCfg = Debug|Any CPU
		{CFD67F8A-C37E-4F8E-B840-C9558A1A0F25}.Debug|Any CPU.Build.0 = Debug|Any CPU
		{CFD67F8A-C37E-4F8E-B840-C9558A1A0F25}.Release|Any CPU.ActiveCfg = Release|Any CPU
		{CFD67F8A-C37E-4F8E-B840-C9558A1A0F25}.Release|Any CPU.Build.0 = Release|Any CPU
		{9253DA74-6AB9-4C1B-8E4B-47426C93065C}.Debug|Any CPU.ActiveCfg = Debug|Any CPU
		{9253DA74-6AB9-4C1B-8E4B-47426C93065C}.Debug|Any CPU.Build.0 = Debug|Any CPU
		{9253DA74-6AB9-4C1B-8E4B-47426C93065C}.Release|Any CPU.ActiveCfg = Release|Any CPU
		{9253DA74-6AB9-4C1B-8E4B-47426C93065C}.Release|Any CPU.Build.0 = Release|Any CPU
		{A3A46BD6-1327-49D1-8A5F-C466AA977A79}.Debug|Any CPU.ActiveCfg = Debug|Any CPU
		{A3A46BD6-1327-49D1-8A5F-C466AA977A79}.Debug|Any CPU.Build.0 = Debug|Any CPU
		{A3A46BD6-1327-49D1-8A5F-C466AA977A79}.Release|Any CPU.ActiveCfg = Release|Any CPU
		{A3A46BD6-1327-49D1-8A5F-C466AA977A79}.Release|Any CPU.Build.0 = Release|Any CPU
		{BC8E5756-3128-481C-A01E-C6991309E6FB}.Debug|Any CPU.ActiveCfg = Debug|Any CPU
		{BC8E5756-3128-481C-A01E-C6991309E6FB}.Debug|Any CPU.Build.0 = Debug|Any CPU
		{BC8E5756-3128-481C-A01E-C6991309E6FB}.Release|Any CPU.ActiveCfg = Release|Any CPU
		{BC8E5756-3128-481C-A01E-C6991309E6FB}.Release|Any CPU.Build.0 = Release|Any CPU
		{F41C34B7-6369-4454-B27D-82D1C4CD5BC8}.Debug|Any CPU.ActiveCfg = Debug|Any CPU
		{F41C34B7-6369-4454-B27D-82D1C4CD5BC8}.Debug|Any CPU.Build.0 = Debug|Any CPU
		{F41C34B7-6369-4454-B27D-82D1C4CD5BC8}.Release|Any CPU.ActiveCfg = Release|Any CPU
		{F41C34B7-6369-4454-B27D-82D1C4CD5BC8}.Release|Any CPU.Build.0 = Release|Any CPU
	EndGlobalSection
	GlobalSection(SolutionProperties) = preSolution
		HideSolutionNode = FALSE
	EndGlobalSection
	GlobalSection(NestedProjects) = preSolution
		{2D009F80-E64D-40C1-8944-2C7BA92E18AC} = {707FAE37-3F9F-4F79-9B92-16C68C3B01B7}
		{D659C299-D348-4729-91EF-BB86FADA02BE} = {E0CDBD51-6358-4829-8B98-8938500E2421}
		{BB6B5F39-98E2-4C05-83B2-F7D08683CED5} = {707FAE37-3F9F-4F79-9B92-16C68C3B01B7}
		{6B081F2E-F911-4311-922F-749C9F888D36} = {707FAE37-3F9F-4F79-9B92-16C68C3B01B7}
		{BC15CCB6-713E-4E04-B14E-0E6ABD3EFD9F} = {707FAE37-3F9F-4F79-9B92-16C68C3B01B7}
		{280E25EA-409D-45B3-9E68-DFDCA0A16F7A} = {707FAE37-3F9F-4F79-9B92-16C68C3B01B7}
		{CFD67F8A-C37E-4F8E-B840-C9558A1A0F25} = {E0CDBD51-6358-4829-8B98-8938500E2421}
		{9253DA74-6AB9-4C1B-8E4B-47426C93065C} = {707FAE37-3F9F-4F79-9B92-16C68C3B01B7}
		{A3A46BD6-1327-49D1-8A5F-C466AA977A79} = {E0CDBD51-6358-4829-8B98-8938500E2421}
		{BC8E5756-3128-481C-A01E-C6991309E6FB} = {E0CDBD51-6358-4829-8B98-8938500E2421}
		{F41C34B7-6369-4454-B27D-82D1C4CD5BC8} = {E0CDBD51-6358-4829-8B98-8938500E2421}
	EndGlobalSection
	GlobalSection(ExtensibilityGlobals) = postSolution
		SolutionGuid = {C2832708-A738-47A9-84CE-99135374F414}
	EndGlobalSection
EndGlobal
