
Microsoft Visual Studio Solution File, Format Version 12.00
# Visual Studio Version 16
VisualStudioVersion = 16.0.28729.10
MinimumVisualStudioVersion = 10.0.40219.1
Project("{9A19103F-16F7-4668-BE54-9A1E7A4F7556}") = "Vyr.Hosting", "Vyr.Hosting\Vyr.Hosting.csproj", "{2D009F80-E64D-40C1-8944-2C7BA92E18AC}"
EndProject
Project("{9A19103F-16F7-4668-BE54-9A1E7A4F7556}") = "Vyr.Playground", "Vyr.Playground\Vyr.Playground.csproj", "{D659C299-D348-4729-91EF-BB86FADA02BE}"
EndProject
Project("{2150E333-8FDC-42A3-9474-1A3956D46DE8}") = "Playground", "Playground", "{E0CDBD51-6358-4829-8B98-8938500E2421}"
EndProject
Project("{2150E333-8FDC-42A3-9474-1A3956D46DE8}") = "Core", "Core", "{707FAE37-3F9F-4F79-9B92-16C68C3B01B7}"
EndProject
Project("{9A19103F-16F7-4668-BE54-9A1E7A4F7556}") = "Vyr.Isolation", "Vyr.Isolation\Vyr.Isolation.csproj", "{6B081F2E-F911-4311-922F-749C9F888D36}"
EndProject
Project("{9A19103F-16F7-4668-BE54-9A1E7A4F7556}") = "Vyr.Skills", "Vyr.Skills\Vyr.Skills.csproj", "{BC15CCB6-713E-4E04-B14E-0E6ABD3EFD9F}"
EndProject
Project("{9A19103F-16F7-4668-BE54-9A1E7A4F7556}") = "Vyr.Agents", "Vyr.Agents\Vyr.Agents.csproj", "{280E25EA-409D-45B3-9E68-DFDCA0A16F7A}"
EndProject
Project("{9A19103F-16F7-4668-BE54-9A1E7A4F7556}") = "Vyr.Playground.Agents", "Vyr.Playground.Agents\Vyr.Playground.Agents.csproj", "{CFD67F8A-C37E-4F8E-B840-C9558A1A0F25}"
EndProject
Project("{9A19103F-16F7-4668-BE54-9A1E7A4F7556}") = "Vyr.Isolation.Context", "Vyr.Isolation.Context\Vyr.Isolation.Context.csproj", "{9253DA74-6AB9-4C1B-8E4B-47426C93065C}"
EndProject
Project("{2150E333-8FDC-42A3-9474-1A3956D46DE8}") = "Homematic", "Homematic", "{8265A5DC-BBF7-46D4-8918-8B7F53A37D9E}"
EndProject
Project("{9A19103F-16F7-4668-BE54-9A1E7A4F7556}") = "Homematic.Api.Xml", "Homematic.Api.Xml\Homematic.Api.Xml.csproj", "{98ACCD40-83B9-494B-9B6E-AAFE1FB1CB6A}"
EndProject
Project("{9A19103F-16F7-4668-BE54-9A1E7A4F7556}") = "Homematic.Api.Xml.Tests", "Homematic.Api.Xml.Tests\Homematic.Api.Xml.Tests.csproj", "{6D23B75B-EF46-4B42-A812-5C53A09D720A}"
EndProject
Project("{9A19103F-16F7-4668-BE54-9A1E7A4F7556}") = "Vyr.Skills.Tests", "Vyr.Skills.Tests\Vyr.Skills.Tests.csproj", "{48F05ABB-64F3-41CD-BC98-A7ABE1B3457E}"
EndProject
Project("{9A19103F-16F7-4668-BE54-9A1E7A4F7556}") = "Vyr.Agents.Tests", "Vyr.Agents.Tests\Vyr.Agents.Tests.csproj", "{11A89639-1BA4-42D5-B6F8-2861CD84B544}"
EndProject
Project("{9A19103F-16F7-4668-BE54-9A1E7A4F7556}") = "Vyr.Skills.Tests.Fakes", "Vyr.Skills.Tests.Fakes\Vyr.Skills.Tests.Fakes.csproj", "{8CF3D71F-AB02-4519-9C7C-A6943D219AF6}"
EndProject
Project("{9A19103F-16F7-4668-BE54-9A1E7A4F7556}") = "Vyr.Agents.Tests.Fakes", "Vyr.Agents.Tests.Fakes\Vyr.Agents.Tests.Fakes.csproj", "{97594CE8-607F-4752-8E8E-79180C3B01A5}"
EndProject
Project("{9A19103F-16F7-4668-BE54-9A1E7A4F7556}") = "Vyr.Core", "Vyr.Core\Vyr.Core.csproj", "{85547392-325F-4AF4-A4D9-F44DE6F461B6}"
EndProject
Project("{9A19103F-16F7-4668-BE54-9A1E7A4F7556}") = "Homematic.Skills", "Homematic.Skills\Homematic.Skills.csproj", "{D427AFEC-E15F-453C-A853-2CA9356AEF97}"
EndProject
Project("{9A19103F-16F7-4668-BE54-9A1E7A4F7556}") = "Homematic.Skills.Tests", "Homematic.Skills.Tests\Homematic.Skills.Tests.csproj", "{C6FD8674-7327-4B3D-8723-DA94BFD56226}"
EndProject
Project("{9A19103F-16F7-4668-BE54-9A1E7A4F7556}") = "Homematic.Testing", "Homematic.Testing\Homematic.Testing.csproj", "{96474D42-A67F-4FBF-B64B-48F33A4DAE13}"
EndProject
Project("{9A19103F-16F7-4668-BE54-9A1E7A4F7556}") = "Vyr.PubSub.Grpc", "Vyr.PubSub.Grpc\Vyr.PubSub.Grpc.csproj", "{18B15366-9722-482F-81CE-4CAFD20FDB60}"
EndProject
Project("{2150E333-8FDC-42A3-9474-1A3956D46DE8}") = ".config", ".config", "{667A755D-CE50-4B73-B467-DBF720D188FD}"
	ProjectSection(SolutionItems) = preProject
		.editorconfig = .editorconfig
		nuget.config = nuget.config
	EndProjectSection
EndProject
Project("{2150E333-8FDC-42A3-9474-1A3956D46DE8}") = ".ci", ".ci", "{4267676A-9145-404E-9E5A-7762D4C7BC51}"
	ProjectSection(SolutionItems) = preProject
		..\azure-pipelines.yml = ..\azure-pipelines.yml
	EndProjectSection
EndProject
Global
	GlobalSection(SolutionConfigurationPlatforms) = preSolution
		Debug|Any CPU = Debug|Any CPU
		Release|Any CPU = Release|Any CPU
	EndGlobalSection
	GlobalSection(ProjectConfigurationPlatforms) = postSolution
		{2D009F80-E64D-40C1-8944-2C7BA92E18AC}.Debug|Any CPU.ActiveCfg = Debug|Any CPU
		{2D009F80-E64D-40C1-8944-2C7BA92E18AC}.Debug|Any CPU.Build.0 = Debug|Any CPU
		{2D009F80-E64D-40C1-8944-2C7BA92E18AC}.Release|Any CPU.ActiveCfg = Release|Any CPU
		{2D009F80-E64D-40C1-8944-2C7BA92E18AC}.Release|Any CPU.Build.0 = Release|Any CPU
		{D659C299-D348-4729-91EF-BB86FADA02BE}.Debug|Any CPU.ActiveCfg = Debug|Any CPU
		{D659C299-D348-4729-91EF-BB86FADA02BE}.Debug|Any CPU.Build.0 = Debug|Any CPU
		{D659C299-D348-4729-91EF-BB86FADA02BE}.Release|Any CPU.ActiveCfg = Release|Any CPU
		{D659C299-D348-4729-91EF-BB86FADA02BE}.Release|Any CPU.Build.0 = Release|Any CPU
		{6B081F2E-F911-4311-922F-749C9F888D36}.Debug|Any CPU.ActiveCfg = Debug|Any CPU
		{6B081F2E-F911-4311-922F-749C9F888D36}.Debug|Any CPU.Build.0 = Debug|Any CPU
		{6B081F2E-F911-4311-922F-749C9F888D36}.Release|Any CPU.ActiveCfg = Release|Any CPU
		{6B081F2E-F911-4311-922F-749C9F888D36}.Release|Any CPU.Build.0 = Release|Any CPU
		{BC15CCB6-713E-4E04-B14E-0E6ABD3EFD9F}.Debug|Any CPU.ActiveCfg = Debug|Any CPU
		{BC15CCB6-713E-4E04-B14E-0E6ABD3EFD9F}.Debug|Any CPU.Build.0 = Debug|Any CPU
		{BC15CCB6-713E-4E04-B14E-0E6ABD3EFD9F}.Release|Any CPU.ActiveCfg = Release|Any CPU
		{BC15CCB6-713E-4E04-B14E-0E6ABD3EFD9F}.Release|Any CPU.Build.0 = Release|Any CPU
		{280E25EA-409D-45B3-9E68-DFDCA0A16F7A}.Debug|Any CPU.ActiveCfg = Debug|Any CPU
		{280E25EA-409D-45B3-9E68-DFDCA0A16F7A}.Debug|Any CPU.Build.0 = Debug|Any CPU
		{280E25EA-409D-45B3-9E68-DFDCA0A16F7A}.Release|Any CPU.ActiveCfg = Release|Any CPU
		{280E25EA-409D-45B3-9E68-DFDCA0A16F7A}.Release|Any CPU.Build.0 = Release|Any CPU
		{CFD67F8A-C37E-4F8E-B840-C9558A1A0F25}.Debug|Any CPU.ActiveCfg = Debug|Any CPU
		{CFD67F8A-C37E-4F8E-B840-C9558A1A0F25}.Debug|Any CPU.Build.0 = Debug|Any CPU
		{CFD67F8A-C37E-4F8E-B840-C9558A1A0F25}.Release|Any CPU.ActiveCfg = Release|Any CPU
		{CFD67F8A-C37E-4F8E-B840-C9558A1A0F25}.Release|Any CPU.Build.0 = Release|Any CPU
		{9253DA74-6AB9-4C1B-8E4B-47426C93065C}.Debug|Any CPU.ActiveCfg = Debug|Any CPU
		{9253DA74-6AB9-4C1B-8E4B-47426C93065C}.Debug|Any CPU.Build.0 = Debug|Any CPU
		{9253DA74-6AB9-4C1B-8E4B-47426C93065C}.Release|Any CPU.ActiveCfg = Release|Any CPU
		{9253DA74-6AB9-4C1B-8E4B-47426C93065C}.Release|Any CPU.Build.0 = Release|Any CPU
		{98ACCD40-83B9-494B-9B6E-AAFE1FB1CB6A}.Debug|Any CPU.ActiveCfg = Debug|Any CPU
		{98ACCD40-83B9-494B-9B6E-AAFE1FB1CB6A}.Debug|Any CPU.Build.0 = Debug|Any CPU
		{98ACCD40-83B9-494B-9B6E-AAFE1FB1CB6A}.Release|Any CPU.ActiveCfg = Release|Any CPU
		{98ACCD40-83B9-494B-9B6E-AAFE1FB1CB6A}.Release|Any CPU.Build.0 = Release|Any CPU
		{6D23B75B-EF46-4B42-A812-5C53A09D720A}.Debug|Any CPU.ActiveCfg = Debug|Any CPU
		{6D23B75B-EF46-4B42-A812-5C53A09D720A}.Debug|Any CPU.Build.0 = Debug|Any CPU
		{6D23B75B-EF46-4B42-A812-5C53A09D720A}.Release|Any CPU.ActiveCfg = Release|Any CPU
		{6D23B75B-EF46-4B42-A812-5C53A09D720A}.Release|Any CPU.Build.0 = Release|Any CPU
		{48F05ABB-64F3-41CD-BC98-A7ABE1B3457E}.Debug|Any CPU.ActiveCfg = Debug|Any CPU
		{48F05ABB-64F3-41CD-BC98-A7ABE1B3457E}.Debug|Any CPU.Build.0 = Debug|Any CPU
		{48F05ABB-64F3-41CD-BC98-A7ABE1B3457E}.Release|Any CPU.ActiveCfg = Release|Any CPU
		{48F05ABB-64F3-41CD-BC98-A7ABE1B3457E}.Release|Any CPU.Build.0 = Release|Any CPU
		{11A89639-1BA4-42D5-B6F8-2861CD84B544}.Debug|Any CPU.ActiveCfg = Debug|Any CPU
		{11A89639-1BA4-42D5-B6F8-2861CD84B544}.Debug|Any CPU.Build.0 = Debug|Any CPU
		{11A89639-1BA4-42D5-B6F8-2861CD84B544}.Release|Any CPU.ActiveCfg = Release|Any CPU
		{11A89639-1BA4-42D5-B6F8-2861CD84B544}.Release|Any CPU.Build.0 = Release|Any CPU
		{8CF3D71F-AB02-4519-9C7C-A6943D219AF6}.Debug|Any CPU.ActiveCfg = Debug|Any CPU
		{8CF3D71F-AB02-4519-9C7C-A6943D219AF6}.Debug|Any CPU.Build.0 = Debug|Any CPU
		{8CF3D71F-AB02-4519-9C7C-A6943D219AF6}.Release|Any CPU.ActiveCfg = Release|Any CPU
		{8CF3D71F-AB02-4519-9C7C-A6943D219AF6}.Release|Any CPU.Build.0 = Release|Any CPU
		{97594CE8-607F-4752-8E8E-79180C3B01A5}.Debug|Any CPU.ActiveCfg = Debug|Any CPU
		{97594CE8-607F-4752-8E8E-79180C3B01A5}.Debug|Any CPU.Build.0 = Debug|Any CPU
		{97594CE8-607F-4752-8E8E-79180C3B01A5}.Release|Any CPU.ActiveCfg = Release|Any CPU
		{97594CE8-607F-4752-8E8E-79180C3B01A5}.Release|Any CPU.Build.0 = Release|Any CPU
		{85547392-325F-4AF4-A4D9-F44DE6F461B6}.Debug|Any CPU.ActiveCfg = Debug|Any CPU
		{85547392-325F-4AF4-A4D9-F44DE6F461B6}.Debug|Any CPU.Build.0 = Debug|Any CPU
		{85547392-325F-4AF4-A4D9-F44DE6F461B6}.Release|Any CPU.ActiveCfg = Release|Any CPU
		{85547392-325F-4AF4-A4D9-F44DE6F461B6}.Release|Any CPU.Build.0 = Release|Any CPU
		{D427AFEC-E15F-453C-A853-2CA9356AEF97}.Debug|Any CPU.ActiveCfg = Debug|Any CPU
		{D427AFEC-E15F-453C-A853-2CA9356AEF97}.Debug|Any CPU.Build.0 = Debug|Any CPU
		{D427AFEC-E15F-453C-A853-2CA9356AEF97}.Release|Any CPU.ActiveCfg = Release|Any CPU
		{D427AFEC-E15F-453C-A853-2CA9356AEF97}.Release|Any CPU.Build.0 = Release|Any CPU
		{C6FD8674-7327-4B3D-8723-DA94BFD56226}.Debug|Any CPU.ActiveCfg = Debug|Any CPU
		{C6FD8674-7327-4B3D-8723-DA94BFD56226}.Debug|Any CPU.Build.0 = Debug|Any CPU
		{C6FD8674-7327-4B3D-8723-DA94BFD56226}.Release|Any CPU.ActiveCfg = Release|Any CPU
		{C6FD8674-7327-4B3D-8723-DA94BFD56226}.Release|Any CPU.Build.0 = Release|Any CPU
		{96474D42-A67F-4FBF-B64B-48F33A4DAE13}.Debug|Any CPU.ActiveCfg = Debug|Any CPU
		{96474D42-A67F-4FBF-B64B-48F33A4DAE13}.Debug|Any CPU.Build.0 = Debug|Any CPU
		{96474D42-A67F-4FBF-B64B-48F33A4DAE13}.Release|Any CPU.ActiveCfg = Release|Any CPU
		{96474D42-A67F-4FBF-B64B-48F33A4DAE13}.Release|Any CPU.Build.0 = Release|Any CPU
		{18B15366-9722-482F-81CE-4CAFD20FDB60}.Debug|Any CPU.ActiveCfg = Debug|Any CPU
		{18B15366-9722-482F-81CE-4CAFD20FDB60}.Debug|Any CPU.Build.0 = Debug|Any CPU
		{18B15366-9722-482F-81CE-4CAFD20FDB60}.Release|Any CPU.ActiveCfg = Release|Any CPU
		{18B15366-9722-482F-81CE-4CAFD20FDB60}.Release|Any CPU.Build.0 = Release|Any CPU
	EndGlobalSection
	GlobalSection(SolutionProperties) = preSolution
		HideSolutionNode = FALSE
	EndGlobalSection
	GlobalSection(NestedProjects) = preSolution
		{2D009F80-E64D-40C1-8944-2C7BA92E18AC} = {707FAE37-3F9F-4F79-9B92-16C68C3B01B7}
		{D659C299-D348-4729-91EF-BB86FADA02BE} = {E0CDBD51-6358-4829-8B98-8938500E2421}
		{6B081F2E-F911-4311-922F-749C9F888D36} = {707FAE37-3F9F-4F79-9B92-16C68C3B01B7}
		{BC15CCB6-713E-4E04-B14E-0E6ABD3EFD9F} = {707FAE37-3F9F-4F79-9B92-16C68C3B01B7}
		{280E25EA-409D-45B3-9E68-DFDCA0A16F7A} = {707FAE37-3F9F-4F79-9B92-16C68C3B01B7}
		{CFD67F8A-C37E-4F8E-B840-C9558A1A0F25} = {E0CDBD51-6358-4829-8B98-8938500E2421}
		{9253DA74-6AB9-4C1B-8E4B-47426C93065C} = {707FAE37-3F9F-4F79-9B92-16C68C3B01B7}
		{98ACCD40-83B9-494B-9B6E-AAFE1FB1CB6A} = {8265A5DC-BBF7-46D4-8918-8B7F53A37D9E}
		{6D23B75B-EF46-4B42-A812-5C53A09D720A} = {8265A5DC-BBF7-46D4-8918-8B7F53A37D9E}
		{48F05ABB-64F3-41CD-BC98-A7ABE1B3457E} = {707FAE37-3F9F-4F79-9B92-16C68C3B01B7}
		{11A89639-1BA4-42D5-B6F8-2861CD84B544} = {707FAE37-3F9F-4F79-9B92-16C68C3B01B7}
		{8CF3D71F-AB02-4519-9C7C-A6943D219AF6} = {707FAE37-3F9F-4F79-9B92-16C68C3B01B7}
		{97594CE8-607F-4752-8E8E-79180C3B01A5} = {707FAE37-3F9F-4F79-9B92-16C68C3B01B7}
		{85547392-325F-4AF4-A4D9-F44DE6F461B6} = {707FAE37-3F9F-4F79-9B92-16C68C3B01B7}
		{D427AFEC-E15F-453C-A853-2CA9356AEF97} = {8265A5DC-BBF7-46D4-8918-8B7F53A37D9E}
		{C6FD8674-7327-4B3D-8723-DA94BFD56226} = {8265A5DC-BBF7-46D4-8918-8B7F53A37D9E}
		{96474D42-A67F-4FBF-B64B-48F33A4DAE13} = {8265A5DC-BBF7-46D4-8918-8B7F53A37D9E}
		{18B15366-9722-482F-81CE-4CAFD20FDB60} = {707FAE37-3F9F-4F79-9B92-16C68C3B01B7}
	EndGlobalSection
	GlobalSection(ExtensibilityGlobals) = postSolution
		SolutionGuid = {C2832708-A738-47A9-84CE-99135374F414}
	EndGlobalSection
EndGlobal
